
Microsoft Visual Studio Solution File, Format Version 12.00
# Visual Studio Version 17
VisualStudioVersion = 17.1.32228.430
MinimumVisualStudioVersion = 10.0.40219.1
Project("{FAE04EC0-301F-11D3-BF4B-00C04F79EFBC}") = "OrderStore.Core", "OrderStore.Core\OrderStore.Core.csproj", "{9E65CDA2-1B81-41D8-970D-A12401CE609F}"
EndProject
Project("{FAE04EC0-301F-11D3-BF4B-00C04F79EFBC}") = "OrderStore.Infrastructure", "OrderStore.Infrastructure\OrderStore.Infrastructure.csproj", "{5C1B10F1-31FB-42A8-8F85-E39865E74EE8}"
EndProject
Project("{FAE04EC0-301F-11D3-BF4B-00C04F79EFBC}") = "OrderStore.Api", "OrderStore.Api\OrderStore.Api.csproj", "{C6FF657C-5BC4-474C-BA5A-84A43049B3DF}"
EndProject
Global
	GlobalSection(SolutionConfigurationPlatforms) = preSolution
		Debug|Any CPU = Debug|Any CPU
		Release|Any CPU = Release|Any CPU
	EndGlobalSection
	GlobalSection(ProjectConfigurationPlatforms) = postSolution
		{9E65CDA2-1B81-41D8-970D-A12401CE609F}.Debug|Any CPU.ActiveCfg = Debug|Any CPU
		{9E65CDA2-1B81-41D8-970D-A12401CE609F}.Debug|Any CPU.Build.0 = Debug|Any CPU
		{9E65CDA2-1B81-41D8-970D-A12401CE609F}.Release|Any CPU.ActiveCfg = Release|Any CPU
		{9E65CDA2-1B81-41D8-970D-A12401CE609F}.Release|Any CPU.Build.0 = Release|Any CPU
		{5C1B10F1-31FB-42A8-8F85-E39865E74EE8}.Debug|Any CPU.ActiveCfg = Debug|Any CPU
		{5C1B10F1-31FB-42A8-8F85-E39865E74EE8}.Debug|Any CPU.Build.0 = Debug|Any CPU
		{5C1B10F1-31FB-42A8-8F85-E39865E74EE8}.Release|Any CPU.ActiveCfg = Release|Any CPU
		{5C1B10F1-31FB-42A8-8F85-E39865E74EE8}.Release|Any CPU.Build.0 = Release|Any CPU
		{C6FF657C-5BC4-474C-BA5A-84A43049B3DF}.Debug|Any CPU.ActiveCfg = Debug|Any CPU
		{C6FF657C-5BC4-474C-BA5A-84A43049B3DF}.Debug|Any CPU.Build.0 = Debug|Any CPU
		{C6FF657C-5BC4-474C-BA5A-84A43049B3DF}.Release|Any CPU.ActiveCfg = Release|Any CPU
		{C6FF657C-5BC4-474C-BA5A-84A43049B3DF}.Release|Any CPU.Build.0 = Release|Any CPU
	EndGlobalSection
	GlobalSection(SolutionProperties) = preSolution
		HideSolutionNode = FALSE
	EndGlobalSection
	GlobalSection(ExtensibilityGlobals) = postSolution
		SolutionGuid = {2ADD37F3-0799-4261-94E9-FBF97764B5E3}
	EndGlobalSection
EndGlobal
